// !$*UTF8*$!
{
	archiveVersion = 1;
	classes = {
	};
	objectVersion = 46;
	objects = {

/* Begin PBXBuildFile section */
		59FD0D1CC8EF4FAB68ACC958 /* Pods_Near.framework in Frameworks */ = {isa = PBXBuildFile; fileRef = 6A16B7427380FCF1FEC1A8E6 /* Pods_Near.framework */; };
		AA016EBA1D1E66A000DCEF83 /* ProfileEditingViewController.swift in Sources */ = {isa = PBXBuildFile; fileRef = AA016EB91D1E66A000DCEF83 /* ProfileEditingViewController.swift */; };
		AA0E94271CEED7D400C6E7BE /* GeneralViewController.swift in Sources */ = {isa = PBXBuildFile; fileRef = AA0E94261CEED7D400C6E7BE /* GeneralViewController.swift */; };
		AA0E94291CEEE7A300C6E7BE /* GeneralViewModel.swift in Sources */ = {isa = PBXBuildFile; fileRef = AA0E94281CEEE7A300C6E7BE /* GeneralViewModel.swift */; };
		AA0E942B1CEEF85200C6E7BE /* UIViewController+Extension.swift in Sources */ = {isa = PBXBuildFile; fileRef = AA0E942A1CEEF85200C6E7BE /* UIViewController+Extension.swift */; };
		AA0E942F1CEF0BC100C6E7BE /* UIImageView+Extension.swift in Sources */ = {isa = PBXBuildFile; fileRef = AA0E942E1CEF0BC100C6E7BE /* UIImageView+Extension.swift */; };
		AA15E7821CE2080A00E998F4 /* LGSimpleChat.swift in Sources */ = {isa = PBXBuildFile; fileRef = AA15E7811CE2080A00E998F4 /* LGSimpleChat.swift */; };
		AA15E7841CE2083500E998F4 /* MessageViewController.swift in Sources */ = {isa = PBXBuildFile; fileRef = AA15E7831CE2083500E998F4 /* MessageViewController.swift */; };
		AA15E7861CE2085000E998F4 /* MessageViewModel.swift in Sources */ = {isa = PBXBuildFile; fileRef = AA15E7851CE2085000E998F4 /* MessageViewModel.swift */; };
		AA15E78D1CE20C1600E998F4 /* UIView+Extension.swift in Sources */ = {isa = PBXBuildFile; fileRef = AA15E78C1CE20C1600E998F4 /* UIView+Extension.swift */; };
		AA17CB9F1CF06AA5002C2C19 /* UIColor+Extension.swift in Sources */ = {isa = PBXBuildFile; fileRef = AA17CB9E1CF06AA5002C2C19 /* UIColor+Extension.swift */; };
		AA17CBA21CF06C76002C2C19 /* NearNavigationView.swift in Sources */ = {isa = PBXBuildFile; fileRef = AA17CBA11CF06C76002C2C19 /* NearNavigationView.swift */; };
		AA17CBA61CF184D8002C2C19 /* location_nav.png in Resources */ = {isa = PBXBuildFile; fileRef = AA17CBA31CF184D8002C2C19 /* location_nav.png */; };
		AA17CBA71CF184D8002C2C19 /* message_nav.png in Resources */ = {isa = PBXBuildFile; fileRef = AA17CBA41CF184D8002C2C19 /* message_nav.png */; };
		AA17CBA81CF184D8002C2C19 /* prof_nav.png in Resources */ = {isa = PBXBuildFile; fileRef = AA17CBA51CF184D8002C2C19 /* prof_nav.png */; };
		AA17CBAC1CF1A91B002C2C19 /* User.swift in Sources */ = {isa = PBXBuildFile; fileRef = AA17CBAB1CF1A91B002C2C19 /* User.swift */; };
		AA260A1C1D10305500158104 /* empty_user.png in Resources */ = {isa = PBXBuildFile; fileRef = AA260A1B1D10305500158104 /* empty_user.png */; };
		AA46235F1CE22D3B00D863EE /* user_sample_2.png in Resources */ = {isa = PBXBuildFile; fileRef = AA46235C1CE22D3B00D863EE /* user_sample_2.png */; };
		AA4623601CE22D3B00D863EE /* user_sample_3.png in Resources */ = {isa = PBXBuildFile; fileRef = AA46235D1CE22D3B00D863EE /* user_sample_3.png */; };
		AA4623611CE22D3B00D863EE /* user_sample_6.png in Resources */ = {isa = PBXBuildFile; fileRef = AA46235E1CE22D3B00D863EE /* user_sample_6.png */; };
		AA4623641CE22D4200D863EE /* sample_user_4.png in Resources */ = {isa = PBXBuildFile; fileRef = AA4623621CE22D4200D863EE /* sample_user_4.png */; };
		AA4623651CE22D4200D863EE /* sample_user_5.png in Resources */ = {isa = PBXBuildFile; fileRef = AA4623631CE22D4200D863EE /* sample_user_5.png */; };
		AA6809951D1A839500435279 /* NSDate+Extension.swift in Sources */ = {isa = PBXBuildFile; fileRef = AA6809941D1A839500435279 /* NSDate+Extension.swift */; };
		AA6809971D1D000100435279 /* system.png in Resources */ = {isa = PBXBuildFile; fileRef = AA6809961D1D000100435279 /* system.png */; };
		AA6809991D1E412700435279 /* ProfileEditView.swift in Sources */ = {isa = PBXBuildFile; fileRef = AA6809981D1E412700435279 /* ProfileEditView.swift */; };
		AA68099F1D1E5E1100435279 /* ProfileEditViewModel.swift in Sources */ = {isa = PBXBuildFile; fileRef = AA68099E1D1E5E1100435279 /* ProfileEditViewModel.swift */; };
		AA6809A11D1E63AC00435279 /* ProfileEditView.xib in Resources */ = {isa = PBXBuildFile; fileRef = AA6809A01D1E63AC00435279 /* ProfileEditView.xib */; };
		AA7405E51D3E661000FDB22D /* NoLocationView.xib in Resources */ = {isa = PBXBuildFile; fileRef = AA7405E41D3E661000FDB22D /* NoLocationView.xib */; };
		AA7405E71D3E662300FDB22D /* NoLocationView.swift in Sources */ = {isa = PBXBuildFile; fileRef = AA7405E61D3E662300FDB22D /* NoLocationView.swift */; };
		AA84DF4E1CD5D0A500B635D1 /* MessageListViewController.swift in Sources */ = {isa = PBXBuildFile; fileRef = AA84DF4D1CD5D0A500B635D1 /* MessageListViewController.swift */; };
		AA84DF501CD5D0B700B635D1 /* ProfileViewController.swift in Sources */ = {isa = PBXBuildFile; fileRef = AA84DF4F1CD5D0B700B635D1 /* ProfileViewController.swift */; };
		AA84DF521CD5D0C700B635D1 /* MainTimeLineViewController.swift in Sources */ = {isa = PBXBuildFile; fileRef = AA84DF511CD5D0C700B635D1 /* MainTimeLineViewController.swift */; };
		AA84DF541CD5D36300B635D1 /* MessageListViewModel.swift in Sources */ = {isa = PBXBuildFile; fileRef = AA84DF531CD5D36300B635D1 /* MessageListViewModel.swift */; };
		AA84DF561CD5D37700B635D1 /* MessageListView.swift in Sources */ = {isa = PBXBuildFile; fileRef = AA84DF551CD5D37700B635D1 /* MessageListView.swift */; };
		AA84DF581CD5D3CB00B635D1 /* MainTimeLineViewModel.swift in Sources */ = {isa = PBXBuildFile; fileRef = AA84DF571CD5D3CB00B635D1 /* MainTimeLineViewModel.swift */; };
		AA84DF5A1CD5D3DB00B635D1 /* MainTimeLineView.swift in Sources */ = {isa = PBXBuildFile; fileRef = AA84DF591CD5D3DB00B635D1 /* MainTimeLineView.swift */; };
		AA84DF5C1CD5D3E900B635D1 /* MainTimeLineView.xib in Resources */ = {isa = PBXBuildFile; fileRef = AA84DF5B1CD5D3E900B635D1 /* MainTimeLineView.xib */; };
		AA84DF5E1CD5D3F600B635D1 /* MessageListView.xib in Resources */ = {isa = PBXBuildFile; fileRef = AA84DF5D1CD5D3F600B635D1 /* MessageListView.xib */; };
		AA84DF611CD5D5DE00B635D1 /* MainTimeLineViewTableViewCell.swift in Sources */ = {isa = PBXBuildFile; fileRef = AA84DF5F1CD5D5DE00B635D1 /* MainTimeLineViewTableViewCell.swift */; };
		AA84DF621CD5D5DE00B635D1 /* MainTimeLineViewTableViewCell.xib in Resources */ = {isa = PBXBuildFile; fileRef = AA84DF601CD5D5DE00B635D1 /* MainTimeLineViewTableViewCell.xib */; };
		AA84DF6D1CD5EB4600B635D1 /* ProfileViewModel.swift in Sources */ = {isa = PBXBuildFile; fileRef = AA84DF6C1CD5EB4600B635D1 /* ProfileViewModel.swift */; };
		AA84DF6F1CD5EB5400B635D1 /* ProfileView.swift in Sources */ = {isa = PBXBuildFile; fileRef = AA84DF6E1CD5EB5400B635D1 /* ProfileView.swift */; };
		AA84DF801CD7375200B635D1 /* home_prof.png in Resources */ = {isa = PBXBuildFile; fileRef = AA84DF7B1CD7375200B635D1 /* home_prof.png */; };
		AA84DF811CD7375200B635D1 /* love_prof.png in Resources */ = {isa = PBXBuildFile; fileRef = AA84DF7C1CD7375200B635D1 /* love_prof.png */; };
		AA84DF821CD7375200B635D1 /* point_prof.png in Resources */ = {isa = PBXBuildFile; fileRef = AA84DF7D1CD7375200B635D1 /* point_prof.png */; };
		AA84DF831CD7375200B635D1 /* univ_prof.png in Resources */ = {isa = PBXBuildFile; fileRef = AA84DF7E1CD7375200B635D1 /* univ_prof.png */; };
		AA84DF841CD7375200B635D1 /* work_prof.png in Resources */ = {isa = PBXBuildFile; fileRef = AA84DF7F1CD7375200B635D1 /* work_prof.png */; };
		AA84DF861CD738AB00B635D1 /* message_prof.png in Resources */ = {isa = PBXBuildFile; fileRef = AA84DF851CD738AB00B635D1 /* message_prof.png */; };
		AA9B5A781D2FFB0D00344939 /* MessageRoom.swift in Sources */ = {isa = PBXBuildFile; fileRef = AA9B5A771D2FFB0D00344939 /* MessageRoom.swift */; };
		AA9B5A7A1D30E35600344939 /* MessageRoomManager.swift in Sources */ = {isa = PBXBuildFile; fileRef = AA9B5A791D30E35600344939 /* MessageRoomManager.swift */; };
		AAD519781CE21095009D1E1D /* SwiftExampleViewController.swift in Sources */ = {isa = PBXBuildFile; fileRef = AAD519771CE21095009D1E1D /* SwiftExampleViewController.swift */; };
		AAD5197E1CE2219E009D1E1D /* sample_user.png in Resources */ = {isa = PBXBuildFile; fileRef = AAD5197D1CE2219E009D1E1D /* sample_user.png */; };
		AAD519851CE2245C009D1E1D /* MessageListTableViewCell.swift in Sources */ = {isa = PBXBuildFile; fileRef = AAD519831CE2245C009D1E1D /* MessageListTableViewCell.swift */; };
		AAD519861CE2245C009D1E1D /* MessageListTableViewCell.xib in Resources */ = {isa = PBXBuildFile; fileRef = AAD519841CE2245C009D1E1D /* MessageListTableViewCell.xib */; };
		AAD9716D1CCF67E00089DEFF /* AppDelegate.swift in Sources */ = {isa = PBXBuildFile; fileRef = AAD9716C1CCF67E00089DEFF /* AppDelegate.swift */; };
		AAD971721CCF67E00089DEFF /* Main.storyboard in Resources */ = {isa = PBXBuildFile; fileRef = AAD971701CCF67E00089DEFF /* Main.storyboard */; };
		AAD971751CCF67E00089DEFF /* Near.xcdatamodeld in Sources */ = {isa = PBXBuildFile; fileRef = AAD971731CCF67E00089DEFF /* Near.xcdatamodeld */; };
		AAD971771CCF67E00089DEFF /* Assets.xcassets in Resources */ = {isa = PBXBuildFile; fileRef = AAD971761CCF67E00089DEFF /* Assets.xcassets */; };
		AAD9717A1CCF67E00089DEFF /* LaunchScreen.storyboard in Resources */ = {isa = PBXBuildFile; fileRef = AAD971781CCF67E00089DEFF /* LaunchScreen.storyboard */; };
		AAED41C61D0A4D8D001B2AB5 /* FBSDKCoreKit.framework in Frameworks */ = {isa = PBXBuildFile; fileRef = AAED41C31D0A4D8D001B2AB5 /* FBSDKCoreKit.framework */; };
		AAED41C71D0A4D8D001B2AB5 /* FBSDKLoginKit.framework in Frameworks */ = {isa = PBXBuildFile; fileRef = AAED41C41D0A4D8D001B2AB5 /* FBSDKLoginKit.framework */; };
		AAED41C81D0A4D8D001B2AB5 /* FBSDKShareKit.framework in Frameworks */ = {isa = PBXBuildFile; fileRef = AAED41C51D0A4D8D001B2AB5 /* FBSDKShareKit.framework */; };
		AAED41CA1D0A5340001B2AB5 /* FBLoginView.swift in Sources */ = {isa = PBXBuildFile; fileRef = AAED41C91D0A5340001B2AB5 /* FBLoginView.swift */; };
		AAED41CD1D0A54C7001B2AB5 /* FBLoginViewModel.swift in Sources */ = {isa = PBXBuildFile; fileRef = AAED41CC1D0A54C7001B2AB5 /* FBLoginViewModel.swift */; };
		AAFE06251D34A216007CA796 /* ProgressingView.swift in Sources */ = {isa = PBXBuildFile; fileRef = AAFE06241D34A216007CA796 /* ProgressingView.swift */; };
		AAFE06291D34A251007CA796 /* ProgressingView.xib in Resources */ = {isa = PBXBuildFile; fileRef = AAFE06281D34A251007CA796 /* ProgressingView.xib */; };
		AAFE062B1D34A5D9007CA796 /* FBLoginView.xib in Resources */ = {isa = PBXBuildFile; fileRef = AAFE062A1D34A5D9007CA796 /* FBLoginView.xib */; };
		AAFE062F1D35F754007CA796 /* near_title.png in Resources */ = {isa = PBXBuildFile; fileRef = AAFE062E1D35F754007CA796 /* near_title.png */; };
/* End PBXBuildFile section */

/* Begin PBXFileReference section */
		3DFE3EE98F8BF756CC3685C9 /* Pods-Near.release.xcconfig */ = {isa = PBXFileReference; includeInIndex = 1; lastKnownFileType = text.xcconfig; name = "Pods-Near.release.xcconfig"; path = "Pods/Target Support Files/Pods-Near/Pods-Near.release.xcconfig"; sourceTree = "<group>"; };
		6A16B7427380FCF1FEC1A8E6 /* Pods_Near.framework */ = {isa = PBXFileReference; explicitFileType = wrapper.framework; includeInIndex = 0; path = Pods_Near.framework; sourceTree = BUILT_PRODUCTS_DIR; };
		A9284387568F735E6972C5C3 /* Pods-Near.debug.xcconfig */ = {isa = PBXFileReference; includeInIndex = 1; lastKnownFileType = text.xcconfig; name = "Pods-Near.debug.xcconfig"; path = "Pods/Target Support Files/Pods-Near/Pods-Near.debug.xcconfig"; sourceTree = "<group>"; };
		AA016EB91D1E66A000DCEF83 /* ProfileEditingViewController.swift */ = {isa = PBXFileReference; fileEncoding = 4; lastKnownFileType = sourcecode.swift; path = ProfileEditingViewController.swift; sourceTree = "<group>"; };
		AA0E94261CEED7D400C6E7BE /* GeneralViewController.swift */ = {isa = PBXFileReference; fileEncoding = 4; lastKnownFileType = sourcecode.swift; path = GeneralViewController.swift; sourceTree = "<group>"; };
		AA0E94281CEEE7A300C6E7BE /* GeneralViewModel.swift */ = {isa = PBXFileReference; fileEncoding = 4; lastKnownFileType = sourcecode.swift; path = GeneralViewModel.swift; sourceTree = "<group>"; };
		AA0E942A1CEEF85200C6E7BE /* UIViewController+Extension.swift */ = {isa = PBXFileReference; fileEncoding = 4; lastKnownFileType = sourcecode.swift; path = "UIViewController+Extension.swift"; sourceTree = "<group>"; };
		AA0E942E1CEF0BC100C6E7BE /* UIImageView+Extension.swift */ = {isa = PBXFileReference; fileEncoding = 4; lastKnownFileType = sourcecode.swift; path = "UIImageView+Extension.swift"; sourceTree = "<group>"; };
		AA15E7811CE2080A00E998F4 /* LGSimpleChat.swift */ = {isa = PBXFileReference; fileEncoding = 4; lastKnownFileType = sourcecode.swift; path = LGSimpleChat.swift; sourceTree = "<group>"; };
		AA15E7831CE2083500E998F4 /* MessageViewController.swift */ = {isa = PBXFileReference; fileEncoding = 4; lastKnownFileType = sourcecode.swift; path = MessageViewController.swift; sourceTree = "<group>"; };
		AA15E7851CE2085000E998F4 /* MessageViewModel.swift */ = {isa = PBXFileReference; fileEncoding = 4; lastKnownFileType = sourcecode.swift; path = MessageViewModel.swift; sourceTree = "<group>"; };
		AA15E78C1CE20C1600E998F4 /* UIView+Extension.swift */ = {isa = PBXFileReference; fileEncoding = 4; lastKnownFileType = sourcecode.swift; path = "UIView+Extension.swift"; sourceTree = "<group>"; };
		AA17CB9E1CF06AA5002C2C19 /* UIColor+Extension.swift */ = {isa = PBXFileReference; fileEncoding = 4; lastKnownFileType = sourcecode.swift; path = "UIColor+Extension.swift"; sourceTree = "<group>"; };
		AA17CBA11CF06C76002C2C19 /* NearNavigationView.swift */ = {isa = PBXFileReference; fileEncoding = 4; lastKnownFileType = sourcecode.swift; path = NearNavigationView.swift; sourceTree = "<group>"; };
		AA17CBA31CF184D8002C2C19 /* location_nav.png */ = {isa = PBXFileReference; lastKnownFileType = image.png; path = location_nav.png; sourceTree = "<group>"; };
		AA17CBA41CF184D8002C2C19 /* message_nav.png */ = {isa = PBXFileReference; lastKnownFileType = image.png; path = message_nav.png; sourceTree = "<group>"; };
		AA17CBA51CF184D8002C2C19 /* prof_nav.png */ = {isa = PBXFileReference; lastKnownFileType = image.png; path = prof_nav.png; sourceTree = "<group>"; };
		AA17CBAB1CF1A91B002C2C19 /* User.swift */ = {isa = PBXFileReference; fileEncoding = 4; lastKnownFileType = sourcecode.swift; path = User.swift; sourceTree = "<group>"; };
		AA260A1B1D10305500158104 /* empty_user.png */ = {isa = PBXFileReference; lastKnownFileType = image.png; path = empty_user.png; sourceTree = "<group>"; };
		AA46235C1CE22D3B00D863EE /* user_sample_2.png */ = {isa = PBXFileReference; lastKnownFileType = image.png; path = user_sample_2.png; sourceTree = "<group>"; };
		AA46235D1CE22D3B00D863EE /* user_sample_3.png */ = {isa = PBXFileReference; lastKnownFileType = image.png; path = user_sample_3.png; sourceTree = "<group>"; };
		AA46235E1CE22D3B00D863EE /* user_sample_6.png */ = {isa = PBXFileReference; lastKnownFileType = image.png; path = user_sample_6.png; sourceTree = "<group>"; };
		AA4623621CE22D4200D863EE /* sample_user_4.png */ = {isa = PBXFileReference; lastKnownFileType = image.png; path = sample_user_4.png; sourceTree = "<group>"; };
		AA4623631CE22D4200D863EE /* sample_user_5.png */ = {isa = PBXFileReference; lastKnownFileType = image.png; path = sample_user_5.png; sourceTree = "<group>"; };
		AA6809941D1A839500435279 /* NSDate+Extension.swift */ = {isa = PBXFileReference; fileEncoding = 4; lastKnownFileType = sourcecode.swift; path = "NSDate+Extension.swift"; sourceTree = "<group>"; };
		AA6809961D1D000100435279 /* system.png */ = {isa = PBXFileReference; lastKnownFileType = image.png; path = system.png; sourceTree = "<group>"; };
		AA6809981D1E412700435279 /* ProfileEditView.swift */ = {isa = PBXFileReference; fileEncoding = 4; lastKnownFileType = sourcecode.swift; path = ProfileEditView.swift; sourceTree = "<group>"; };
		AA68099E1D1E5E1100435279 /* ProfileEditViewModel.swift */ = {isa = PBXFileReference; fileEncoding = 4; lastKnownFileType = sourcecode.swift; path = ProfileEditViewModel.swift; sourceTree = "<group>"; };
		AA6809A01D1E63AC00435279 /* ProfileEditView.xib */ = {isa = PBXFileReference; fileEncoding = 4; lastKnownFileType = file.xib; path = ProfileEditView.xib; sourceTree = "<group>"; };
		AA7405E41D3E661000FDB22D /* NoLocationView.xib */ = {isa = PBXFileReference; fileEncoding = 4; lastKnownFileType = file.xib; path = NoLocationView.xib; sourceTree = "<group>"; };
		AA7405E61D3E662300FDB22D /* NoLocationView.swift */ = {isa = PBXFileReference; fileEncoding = 4; lastKnownFileType = sourcecode.swift; path = NoLocationView.swift; sourceTree = "<group>"; };
		AA84DF4D1CD5D0A500B635D1 /* MessageListViewController.swift */ = {isa = PBXFileReference; fileEncoding = 4; lastKnownFileType = sourcecode.swift; path = MessageListViewController.swift; sourceTree = "<group>"; };
		AA84DF4F1CD5D0B700B635D1 /* ProfileViewController.swift */ = {isa = PBXFileReference; fileEncoding = 4; lastKnownFileType = sourcecode.swift; path = ProfileViewController.swift; sourceTree = "<group>"; };
		AA84DF511CD5D0C700B635D1 /* MainTimeLineViewController.swift */ = {isa = PBXFileReference; fileEncoding = 4; lastKnownFileType = sourcecode.swift; path = MainTimeLineViewController.swift; sourceTree = "<group>"; };
		AA84DF531CD5D36300B635D1 /* MessageListViewModel.swift */ = {isa = PBXFileReference; fileEncoding = 4; lastKnownFileType = sourcecode.swift; path = MessageListViewModel.swift; sourceTree = "<group>"; };
		AA84DF551CD5D37700B635D1 /* MessageListView.swift */ = {isa = PBXFileReference; fileEncoding = 4; lastKnownFileType = sourcecode.swift; path = MessageListView.swift; sourceTree = "<group>"; };
		AA84DF571CD5D3CB00B635D1 /* MainTimeLineViewModel.swift */ = {isa = PBXFileReference; fileEncoding = 4; lastKnownFileType = sourcecode.swift; path = MainTimeLineViewModel.swift; sourceTree = "<group>"; };
		AA84DF591CD5D3DB00B635D1 /* MainTimeLineView.swift */ = {isa = PBXFileReference; fileEncoding = 4; lastKnownFileType = sourcecode.swift; path = MainTimeLineView.swift; sourceTree = "<group>"; };
		AA84DF5B1CD5D3E900B635D1 /* MainTimeLineView.xib */ = {isa = PBXFileReference; fileEncoding = 4; lastKnownFileType = file.xib; path = MainTimeLineView.xib; sourceTree = "<group>"; };
		AA84DF5D1CD5D3F600B635D1 /* MessageListView.xib */ = {isa = PBXFileReference; fileEncoding = 4; lastKnownFileType = file.xib; path = MessageListView.xib; sourceTree = "<group>"; };
		AA84DF5F1CD5D5DE00B635D1 /* MainTimeLineViewTableViewCell.swift */ = {isa = PBXFileReference; fileEncoding = 4; lastKnownFileType = sourcecode.swift; path = MainTimeLineViewTableViewCell.swift; sourceTree = "<group>"; };
		AA84DF601CD5D5DE00B635D1 /* MainTimeLineViewTableViewCell.xib */ = {isa = PBXFileReference; fileEncoding = 4; lastKnownFileType = file.xib; path = MainTimeLineViewTableViewCell.xib; sourceTree = "<group>"; };
		AA84DF6C1CD5EB4600B635D1 /* ProfileViewModel.swift */ = {isa = PBXFileReference; fileEncoding = 4; lastKnownFileType = sourcecode.swift; path = ProfileViewModel.swift; sourceTree = "<group>"; };
		AA84DF6E1CD5EB5400B635D1 /* ProfileView.swift */ = {isa = PBXFileReference; fileEncoding = 4; lastKnownFileType = sourcecode.swift; path = ProfileView.swift; sourceTree = "<group>"; };
		AA84DF7B1CD7375200B635D1 /* home_prof.png */ = {isa = PBXFileReference; lastKnownFileType = image.png; path = home_prof.png; sourceTree = "<group>"; };
		AA84DF7C1CD7375200B635D1 /* love_prof.png */ = {isa = PBXFileReference; lastKnownFileType = image.png; path = love_prof.png; sourceTree = "<group>"; };
		AA84DF7D1CD7375200B635D1 /* point_prof.png */ = {isa = PBXFileReference; lastKnownFileType = image.png; path = point_prof.png; sourceTree = "<group>"; };
		AA84DF7E1CD7375200B635D1 /* univ_prof.png */ = {isa = PBXFileReference; lastKnownFileType = image.png; path = univ_prof.png; sourceTree = "<group>"; };
		AA84DF7F1CD7375200B635D1 /* work_prof.png */ = {isa = PBXFileReference; lastKnownFileType = image.png; path = work_prof.png; sourceTree = "<group>"; };
		AA84DF851CD738AB00B635D1 /* message_prof.png */ = {isa = PBXFileReference; lastKnownFileType = image.png; path = message_prof.png; sourceTree = "<group>"; };
		AA9B5A771D2FFB0D00344939 /* MessageRoom.swift */ = {isa = PBXFileReference; fileEncoding = 4; lastKnownFileType = sourcecode.swift; path = MessageRoom.swift; sourceTree = "<group>"; };
		AA9B5A791D30E35600344939 /* MessageRoomManager.swift */ = {isa = PBXFileReference; fileEncoding = 4; lastKnownFileType = sourcecode.swift; path = MessageRoomManager.swift; sourceTree = "<group>"; };
		AAD519771CE21095009D1E1D /* SwiftExampleViewController.swift */ = {isa = PBXFileReference; fileEncoding = 4; lastKnownFileType = sourcecode.swift; path = SwiftExampleViewController.swift; sourceTree = "<group>"; };
		AAD5197D1CE2219E009D1E1D /* sample_user.png */ = {isa = PBXFileReference; lastKnownFileType = image.png; path = sample_user.png; sourceTree = "<group>"; };
		AAD519831CE2245C009D1E1D /* MessageListTableViewCell.swift */ = {isa = PBXFileReference; fileEncoding = 4; lastKnownFileType = sourcecode.swift; path = MessageListTableViewCell.swift; sourceTree = "<group>"; };
		AAD519841CE2245C009D1E1D /* MessageListTableViewCell.xib */ = {isa = PBXFileReference; fileEncoding = 4; lastKnownFileType = file.xib; path = MessageListTableViewCell.xib; sourceTree = "<group>"; };
		AAD971691CCF67E00089DEFF /* Near.app */ = {isa = PBXFileReference; explicitFileType = wrapper.application; includeInIndex = 0; path = Near.app; sourceTree = BUILT_PRODUCTS_DIR; };
		AAD9716C1CCF67E00089DEFF /* AppDelegate.swift */ = {isa = PBXFileReference; lastKnownFileType = sourcecode.swift; path = AppDelegate.swift; sourceTree = "<group>"; };
		AAD971711CCF67E00089DEFF /* Base */ = {isa = PBXFileReference; lastKnownFileType = file.storyboard; name = Base; path = Base.lproj/Main.storyboard; sourceTree = "<group>"; };
		AAD971741CCF67E00089DEFF /* Near.xcdatamodel */ = {isa = PBXFileReference; lastKnownFileType = wrapper.xcdatamodel; path = Near.xcdatamodel; sourceTree = "<group>"; };
		AAD971761CCF67E00089DEFF /* Assets.xcassets */ = {isa = PBXFileReference; lastKnownFileType = folder.assetcatalog; path = Assets.xcassets; sourceTree = "<group>"; };
		AAD971791CCF67E00089DEFF /* Base */ = {isa = PBXFileReference; lastKnownFileType = file.storyboard; name = Base; path = Base.lproj/LaunchScreen.storyboard; sourceTree = "<group>"; };
		AAD9717B1CCF67E00089DEFF /* Info.plist */ = {isa = PBXFileReference; lastKnownFileType = text.plist.xml; path = Info.plist; sourceTree = "<group>"; };
		AAED41C31D0A4D8D001B2AB5 /* FBSDKCoreKit.framework */ = {isa = PBXFileReference; lastKnownFileType = wrapper.framework; path = FBSDKCoreKit.framework; sourceTree = "<group>"; };
		AAED41C41D0A4D8D001B2AB5 /* FBSDKLoginKit.framework */ = {isa = PBXFileReference; lastKnownFileType = wrapper.framework; path = FBSDKLoginKit.framework; sourceTree = "<group>"; };
		AAED41C51D0A4D8D001B2AB5 /* FBSDKShareKit.framework */ = {isa = PBXFileReference; lastKnownFileType = wrapper.framework; path = FBSDKShareKit.framework; sourceTree = "<group>"; };
		AAED41C91D0A5340001B2AB5 /* FBLoginView.swift */ = {isa = PBXFileReference; fileEncoding = 4; lastKnownFileType = sourcecode.swift; path = FBLoginView.swift; sourceTree = "<group>"; };
		AAED41CC1D0A54C7001B2AB5 /* FBLoginViewModel.swift */ = {isa = PBXFileReference; fileEncoding = 4; lastKnownFileType = sourcecode.swift; path = FBLoginViewModel.swift; sourceTree = "<group>"; };
		AAFE06241D34A216007CA796 /* ProgressingView.swift */ = {isa = PBXFileReference; fileEncoding = 4; lastKnownFileType = sourcecode.swift; path = ProgressingView.swift; sourceTree = "<group>"; };
		AAFE06281D34A251007CA796 /* ProgressingView.xib */ = {isa = PBXFileReference; fileEncoding = 4; lastKnownFileType = file.xib; path = ProgressingView.xib; sourceTree = "<group>"; };
		AAFE062A1D34A5D9007CA796 /* FBLoginView.xib */ = {isa = PBXFileReference; fileEncoding = 4; lastKnownFileType = file.xib; path = FBLoginView.xib; sourceTree = "<group>"; };
		AAFE062E1D35F754007CA796 /* near_title.png */ = {isa = PBXFileReference; lastKnownFileType = image.png; path = near_title.png; sourceTree = "<group>"; };
/* End PBXFileReference section */

/* Begin PBXFrameworksBuildPhase section */
		AAD971661CCF67E00089DEFF /* Frameworks */ = {
			isa = PBXFrameworksBuildPhase;
			buildActionMask = 2147483647;
			files = (
				AAED41C81D0A4D8D001B2AB5 /* FBSDKShareKit.framework in Frameworks */,
				59FD0D1CC8EF4FAB68ACC958 /* Pods_Near.framework in Frameworks */,
				AAED41C61D0A4D8D001B2AB5 /* FBSDKCoreKit.framework in Frameworks */,
				AAED41C71D0A4D8D001B2AB5 /* FBSDKLoginKit.framework in Frameworks */,
			);
			runOnlyForDeploymentPostprocessing = 0;
		};
/* End PBXFrameworksBuildPhase section */

/* Begin PBXGroup section */
		1B146CEBB32249B962507219 /* Pods */ = {
			isa = PBXGroup;
			children = (
				A9284387568F735E6972C5C3 /* Pods-Near.debug.xcconfig */,
				3DFE3EE98F8BF756CC3685C9 /* Pods-Near.release.xcconfig */,
			);
			name = Pods;
			sourceTree = "<group>";
		};
		457BBB16B53B95DFB205C134 /* Frameworks */ = {
			isa = PBXGroup;
			children = (
				AAED41C31D0A4D8D001B2AB5 /* FBSDKCoreKit.framework */,
				AAED41C41D0A4D8D001B2AB5 /* FBSDKLoginKit.framework */,
				AAED41C51D0A4D8D001B2AB5 /* FBSDKShareKit.framework */,
				6A16B7427380FCF1FEC1A8E6 /* Pods_Near.framework */,
			);
			name = Frameworks;
			sourceTree = "<group>";
		};
		AA0E94251CEED7BC00C6E7BE /* General */ = {
			isa = PBXGroup;
			children = (
				AA17CBAA1CF1A459002C2C19 /* Models */,
				AA17CBA01CF06C5A002C2C19 /* Views */,
				AA0E94261CEED7D400C6E7BE /* GeneralViewController.swift */,
				AA0E94281CEEE7A300C6E7BE /* GeneralViewModel.swift */,
			);
			name = General;
			sourceTree = "<group>";
		};
		AA15E7801CE207EE00E998F4 /* lib */ = {
			isa = PBXGroup;
			children = (
				AA15E7811CE2080A00E998F4 /* LGSimpleChat.swift */,
				AAD519771CE21095009D1E1D /* SwiftExampleViewController.swift */,
			);
			name = lib;
			sourceTree = "<group>";
		};
		AA15E78B1CE20BDD00E998F4 /* Extension */ = {
			isa = PBXGroup;
			children = (
				AA15E78C1CE20C1600E998F4 /* UIView+Extension.swift */,
				AA0E942A1CEEF85200C6E7BE /* UIViewController+Extension.swift */,
				AA0E942E1CEF0BC100C6E7BE /* UIImageView+Extension.swift */,
				AA17CB9E1CF06AA5002C2C19 /* UIColor+Extension.swift */,
				AA6809941D1A839500435279 /* NSDate+Extension.swift */,
			);
			name = Extension;
			sourceTree = "<group>";
		};
		AA17CBA01CF06C5A002C2C19 /* Views */ = {
			isa = PBXGroup;
			children = (
				AAED41CB1D0A54AA001B2AB5 /* FBLogin */,
				AA17CBA11CF06C76002C2C19 /* NearNavigationView.swift */,
				AAFE06241D34A216007CA796 /* ProgressingView.swift */,
				AAFE06281D34A251007CA796 /* ProgressingView.xib */,
				AA7405E61D3E662300FDB22D /* NoLocationView.swift */,
				AA7405E41D3E661000FDB22D /* NoLocationView.xib */,
			);
			name = Views;
			sourceTree = "<group>";
		};
		AA17CBA91CF184DE002C2C19 /* navigation_items */ = {
			isa = PBXGroup;
			children = (
				AA17CBA31CF184D8002C2C19 /* location_nav.png */,
				AAFE062E1D35F754007CA796 /* near_title.png */,
				AA17CBA41CF184D8002C2C19 /* message_nav.png */,
				AA17CBA51CF184D8002C2C19 /* prof_nav.png */,
			);
			name = navigation_items;
			sourceTree = "<group>";
		};
		AA17CBAA1CF1A459002C2C19 /* Models */ = {
			isa = PBXGroup;
			children = (
				AA17CBAB1CF1A91B002C2C19 /* User.swift */,
				AA9B5A771D2FFB0D00344939 /* MessageRoom.swift */,
				AA9B5A791D30E35600344939 /* MessageRoomManager.swift */,
			);
			name = Models;
			sourceTree = "<group>";
		};
		AA260A1A1D10304800158104 /* no_data_images */ = {
			isa = PBXGroup;
			children = (
				AA260A1B1D10305500158104 /* empty_user.png */,
			);
			name = no_data_images;
			sourceTree = "<group>";
		};
		AA46235B1CE22D2700D863EE /* user_sample_image */ = {
			isa = PBXGroup;
			children = (
				AAD5197D1CE2219E009D1E1D /* sample_user.png */,
				AA46235C1CE22D3B00D863EE /* user_sample_2.png */,
				AA46235D1CE22D3B00D863EE /* user_sample_3.png */,
				AA46235E1CE22D3B00D863EE /* user_sample_6.png */,
				AA4623621CE22D4200D863EE /* sample_user_4.png */,
				AA4623631CE22D4200D863EE /* sample_user_5.png */,
			);
			name = user_sample_image;
			sourceTree = "<group>";
		};
		AA84DF3F1CD5CCB600B635D1 /* Scene */ = {
			isa = PBXGroup;
			children = (
				AA84DF421CD5CFAA00B635D1 /* Message */,
				AA84DF411CD5CF8E00B635D1 /* Profile */,
				AA84DF401CD5CF8200B635D1 /* TimeLine */,
			);
			name = Scene;
			sourceTree = "<group>";
		};
		AA84DF401CD5CF8200B635D1 /* TimeLine */ = {
			isa = PBXGroup;
			children = (
				AA84DF4C1CD5D04D00B635D1 /* ViewModels */,
				AA84DF4B1CD5D04700B635D1 /* Controllers */,
				AA84DF4A1CD5D04200B635D1 /* Views */,
			);
			name = TimeLine;
			sourceTree = "<group>";
		};
		AA84DF411CD5CF8E00B635D1 /* Profile */ = {
			isa = PBXGroup;
			children = (
				AA84DF491CD5D03C00B635D1 /* ViewModels */,
				AA84DF481CD5D03600B635D1 /* Controllers */,
				AA84DF471CD5D03200B635D1 /* Views */,
			);
			name = Profile;
			sourceTree = "<group>";
		};
		AA84DF421CD5CFAA00B635D1 /* Message */ = {
			isa = PBXGroup;
			children = (
				AA84DF461CD5D00600B635D1 /* ViewModels */,
				AA84DF451CD5CFFD00B635D1 /* Controllers */,
				AA84DF441CD5CFF000B635D1 /* Views */,
			);
			name = Message;
			sourceTree = "<group>";
		};
		AA84DF431CD5CFCE00B635D1 /* Application */ = {
			isa = PBXGroup;
			children = (
				AAD9716C1CCF67E00089DEFF /* AppDelegate.swift */,
				AAD971701CCF67E00089DEFF /* Main.storyboard */,
				AAD971761CCF67E00089DEFF /* Assets.xcassets */,
				AAD971781CCF67E00089DEFF /* LaunchScreen.storyboard */,
				AAD9717B1CCF67E00089DEFF /* Info.plist */,
				AAD971731CCF67E00089DEFF /* Near.xcdatamodeld */,
			);
			name = Application;
			sourceTree = "<group>";
		};
		AA84DF441CD5CFF000B635D1 /* Views */ = {
			isa = PBXGroup;
			children = (
				AA84DF551CD5D37700B635D1 /* MessageListView.swift */,
				AA84DF5D1CD5D3F600B635D1 /* MessageListView.xib */,
				AAD519831CE2245C009D1E1D /* MessageListTableViewCell.swift */,
				AAD519841CE2245C009D1E1D /* MessageListTableViewCell.xib */,
			);
			name = Views;
			sourceTree = "<group>";
		};
		AA84DF451CD5CFFD00B635D1 /* Controllers */ = {
			isa = PBXGroup;
			children = (
				AA84DF4D1CD5D0A500B635D1 /* MessageListViewController.swift */,
				AA15E7831CE2083500E998F4 /* MessageViewController.swift */,
			);
			name = Controllers;
			sourceTree = "<group>";
		};
		AA84DF461CD5D00600B635D1 /* ViewModels */ = {
			isa = PBXGroup;
			children = (
				AA84DF531CD5D36300B635D1 /* MessageListViewModel.swift */,
				AA15E7851CE2085000E998F4 /* MessageViewModel.swift */,
			);
			name = ViewModels;
			sourceTree = "<group>";
		};
		AA84DF471CD5D03200B635D1 /* Views */ = {
			isa = PBXGroup;
			children = (
				AA84DF6E1CD5EB5400B635D1 /* ProfileView.swift */,
				AA6809981D1E412700435279 /* ProfileEditView.swift */,
				AA6809A01D1E63AC00435279 /* ProfileEditView.xib */,
			);
			name = Views;
			sourceTree = "<group>";
		};
		AA84DF481CD5D03600B635D1 /* Controllers */ = {
			isa = PBXGroup;
			children = (
				AA84DF4F1CD5D0B700B635D1 /* ProfileViewController.swift */,
				AA016EB91D1E66A000DCEF83 /* ProfileEditingViewController.swift */,
			);
			name = Controllers;
			sourceTree = "<group>";
		};
		AA84DF491CD5D03C00B635D1 /* ViewModels */ = {
			isa = PBXGroup;
			children = (
				AA84DF6C1CD5EB4600B635D1 /* ProfileViewModel.swift */,
				AA68099E1D1E5E1100435279 /* ProfileEditViewModel.swift */,
			);
			name = ViewModels;
			sourceTree = "<group>";
		};
		AA84DF4A1CD5D04200B635D1 /* Views */ = {
			isa = PBXGroup;
			children = (
				AA84DF591CD5D3DB00B635D1 /* MainTimeLineView.swift */,
				AA84DF5B1CD5D3E900B635D1 /* MainTimeLineView.xib */,
				AA84DF5F1CD5D5DE00B635D1 /* MainTimeLineViewTableViewCell.swift */,
				AA84DF601CD5D5DE00B635D1 /* MainTimeLineViewTableViewCell.xib */,
			);
			name = Views;
			sourceTree = "<group>";
		};
		AA84DF4B1CD5D04700B635D1 /* Controllers */ = {
			isa = PBXGroup;
			children = (
				AA84DF511CD5D0C700B635D1 /* MainTimeLineViewController.swift */,
			);
			name = Controllers;
			sourceTree = "<group>";
		};
		AA84DF4C1CD5D04D00B635D1 /* ViewModels */ = {
			isa = PBXGroup;
			children = (
				AA84DF571CD5D3CB00B635D1 /* MainTimeLineViewModel.swift */,
			);
			name = ViewModels;
			sourceTree = "<group>";
		};
		AA84DF631CD5E4CF00B635D1 /* images */ = {
			isa = PBXGroup;
			children = (
				AA260A1A1D10304800158104 /* no_data_images */,
				AA17CBA91CF184DE002C2C19 /* navigation_items */,
				AA46235B1CE22D2700D863EE /* user_sample_image */,
				AA84DF7A1CD7374600B635D1 /* profile */,
			);
			name = images;
			sourceTree = "<group>";
		};
		AA84DF7A1CD7374600B635D1 /* profile */ = {
			isa = PBXGroup;
			children = (
				AA84DF7B1CD7375200B635D1 /* home_prof.png */,
				AA84DF7C1CD7375200B635D1 /* love_prof.png */,
				AA84DF7D1CD7375200B635D1 /* point_prof.png */,
				AA84DF851CD738AB00B635D1 /* message_prof.png */,
				AA6809961D1D000100435279 /* system.png */,
				AA84DF7E1CD7375200B635D1 /* univ_prof.png */,
				AA84DF7F1CD7375200B635D1 /* work_prof.png */,
			);
			name = profile;
			sourceTree = "<group>";
		};
		AAD971601CCF67E00089DEFF = {
			isa = PBXGroup;
			children = (
				AAD9716B1CCF67E00089DEFF /* Near */,
				AAD9716A1CCF67E00089DEFF /* Products */,
				1B146CEBB32249B962507219 /* Pods */,
				457BBB16B53B95DFB205C134 /* Frameworks */,
			);
			sourceTree = "<group>";
		};
		AAD9716A1CCF67E00089DEFF /* Products */ = {
			isa = PBXGroup;
			children = (
				AAD971691CCF67E00089DEFF /* Near.app */,
			);
			name = Products;
			sourceTree = "<group>";
		};
		AAD9716B1CCF67E00089DEFF /* Near */ = {
			isa = PBXGroup;
			children = (
				AA15E78B1CE20BDD00E998F4 /* Extension */,
				AA15E7801CE207EE00E998F4 /* lib */,
				AA84DF631CD5E4CF00B635D1 /* images */,
				AA84DF431CD5CFCE00B635D1 /* Application */,
				AA84DF3F1CD5CCB600B635D1 /* Scene */,
				AA0E94251CEED7BC00C6E7BE /* General */,
			);
			path = Near;
			sourceTree = "<group>";
		};
		AAED41CB1D0A54AA001B2AB5 /* FBLogin */ = {
			isa = PBXGroup;
			children = (
				AAED41C91D0A5340001B2AB5 /* FBLoginView.swift */,
				AAFE062A1D34A5D9007CA796 /* FBLoginView.xib */,
				AAED41CC1D0A54C7001B2AB5 /* FBLoginViewModel.swift */,
			);
			name = FBLogin;
			sourceTree = "<group>";
		};
/* End PBXGroup section */

/* Begin PBXNativeTarget section */
		AAD971681CCF67E00089DEFF /* Near */ = {
			isa = PBXNativeTarget;
			buildConfigurationList = AAD9717E1CCF67E00089DEFF /* Build configuration list for PBXNativeTarget "Near" */;
			buildPhases = (
				76B1EF7B3F4AA27C7F8572F9 /* Check Pods Manifest.lock */,
				AAD971651CCF67E00089DEFF /* Sources */,
				AAD971661CCF67E00089DEFF /* Frameworks */,
				AAD971671CCF67E00089DEFF /* Resources */,
				9A8CE7B8B3EED6DAE7885CD3 /* Embed Pods Frameworks */,
				B95735FC39C4761D8F2660F7 /* Copy Pods Resources */,
			);
			buildRules = (
			);
			dependencies = (
			);
			name = Near;
			productName = Near;
			productReference = AAD971691CCF67E00089DEFF /* Near.app */;
			productType = "com.apple.product-type.application";
		};
/* End PBXNativeTarget section */

/* Begin PBXProject section */
		AAD971611CCF67E00089DEFF /* Project object */ = {
			isa = PBXProject;
			attributes = {
				LastSwiftUpdateCheck = 0730;
				LastUpgradeCheck = 0730;
				ORGANIZATIONNAME = kentaro;
				TargetAttributes = {
					AAD971681CCF67E00089DEFF = {
						CreatedOnToolsVersion = 7.3;
						DevelopmentTeam = 4D942G6MF5;
					};
				};
			};
			buildConfigurationList = AAD971641CCF67E00089DEFF /* Build configuration list for PBXProject "Near" */;
			compatibilityVersion = "Xcode 3.2";
			developmentRegion = English;
			hasScannedForEncodings = 0;
			knownRegions = (
				en,
				Base,
			);
			mainGroup = AAD971601CCF67E00089DEFF;
			productRefGroup = AAD9716A1CCF67E00089DEFF /* Products */;
			projectDirPath = "";
			projectRoot = "";
			targets = (
				AAD971681CCF67E00089DEFF /* Near */,
			);
		};
/* End PBXProject section */

/* Begin PBXResourcesBuildPhase section */
		AAD971671CCF67E00089DEFF /* Resources */ = {
			isa = PBXResourcesBuildPhase;
			buildActionMask = 2147483647;
			files = (
				AAFE06291D34A251007CA796 /* ProgressingView.xib in Resources */,
				AAD519861CE2245C009D1E1D /* MessageListTableViewCell.xib in Resources */,
				AA84DF5C1CD5D3E900B635D1 /* MainTimeLineView.xib in Resources */,
				AA17CBA61CF184D8002C2C19 /* location_nav.png in Resources */,
				AA7405E51D3E661000FDB22D /* NoLocationView.xib in Resources */,
				AA84DF841CD7375200B635D1 /* work_prof.png in Resources */,
				AA84DF5E1CD5D3F600B635D1 /* MessageListView.xib in Resources */,
				AA46235F1CE22D3B00D863EE /* user_sample_2.png in Resources */,
				AA6809A11D1E63AC00435279 /* ProfileEditView.xib in Resources */,
				AA17CBA81CF184D8002C2C19 /* prof_nav.png in Resources */,
				AA6809971D1D000100435279 /* system.png in Resources */,
				AA17CBA71CF184D8002C2C19 /* message_nav.png in Resources */,
				AA4623651CE22D4200D863EE /* sample_user_5.png in Resources */,
				AA84DF801CD7375200B635D1 /* home_prof.png in Resources */,
				AA84DF861CD738AB00B635D1 /* message_prof.png in Resources */,
				AA260A1C1D10305500158104 /* empty_user.png in Resources */,
				AA84DF621CD5D5DE00B635D1 /* MainTimeLineViewTableViewCell.xib in Resources */,
				AAFE062F1D35F754007CA796 /* near_title.png in Resources */,
				AAD9717A1CCF67E00089DEFF /* LaunchScreen.storyboard in Resources */,
				AA84DF831CD7375200B635D1 /* univ_prof.png in Resources */,
				AA4623611CE22D3B00D863EE /* user_sample_6.png in Resources */,
				AAD971771CCF67E00089DEFF /* Assets.xcassets in Resources */,
				AAD5197E1CE2219E009D1E1D /* sample_user.png in Resources */,
				AAD971721CCF67E00089DEFF /* Main.storyboard in Resources */,
				AA84DF811CD7375200B635D1 /* love_prof.png in Resources */,
				AA4623641CE22D4200D863EE /* sample_user_4.png in Resources */,
				AAFE062B1D34A5D9007CA796 /* FBLoginView.xib in Resources */,
				AA84DF821CD7375200B635D1 /* point_prof.png in Resources */,
				AA4623601CE22D3B00D863EE /* user_sample_3.png in Resources */,
			);
			runOnlyForDeploymentPostprocessing = 0;
		};
/* End PBXResourcesBuildPhase section */

/* Begin PBXShellScriptBuildPhase section */
		76B1EF7B3F4AA27C7F8572F9 /* Check Pods Manifest.lock */ = {
			isa = PBXShellScriptBuildPhase;
			buildActionMask = 2147483647;
			files = (
			);
			inputPaths = (
			);
			name = "Check Pods Manifest.lock";
			outputPaths = (
			);
			runOnlyForDeploymentPostprocessing = 0;
			shellPath = /bin/sh;
			shellScript = "diff \"${PODS_ROOT}/../Podfile.lock\" \"${PODS_ROOT}/Manifest.lock\" > /dev/null\nif [[ $? != 0 ]] ; then\n    cat << EOM\nerror: The sandbox is not in sync with the Podfile.lock. Run 'pod install' or update your CocoaPods installation.\nEOM\n    exit 1\nfi\n";
			showEnvVarsInLog = 0;
		};
		9A8CE7B8B3EED6DAE7885CD3 /* Embed Pods Frameworks */ = {
			isa = PBXShellScriptBuildPhase;
			buildActionMask = 2147483647;
			files = (
			);
			inputPaths = (
			);
			name = "Embed Pods Frameworks";
			outputPaths = (
			);
			runOnlyForDeploymentPostprocessing = 0;
			shellPath = /bin/sh;
			shellScript = "\"${SRCROOT}/Pods/Target Support Files/Pods-Near/Pods-Near-frameworks.sh\"\n";
			showEnvVarsInLog = 0;
		};
		B95735FC39C4761D8F2660F7 /* Copy Pods Resources */ = {
			isa = PBXShellScriptBuildPhase;
			buildActionMask = 2147483647;
			files = (
			);
			inputPaths = (
			);
			name = "Copy Pods Resources";
			outputPaths = (
			);
			runOnlyForDeploymentPostprocessing = 0;
			shellPath = /bin/sh;
			shellScript = "\"${SRCROOT}/Pods/Target Support Files/Pods-Near/Pods-Near-resources.sh\"\n";
			showEnvVarsInLog = 0;
		};
/* End PBXShellScriptBuildPhase section */

/* Begin PBXSourcesBuildPhase section */
		AAD971651CCF67E00089DEFF /* Sources */ = {
			isa = PBXSourcesBuildPhase;
			buildActionMask = 2147483647;
			files = (
				AAED41CA1D0A5340001B2AB5 /* FBLoginView.swift in Sources */,
				AAD519851CE2245C009D1E1D /* MessageListTableViewCell.swift in Sources */,
				AAD971751CCF67E00089DEFF /* Near.xcdatamodeld in Sources */,
				AA7405E71D3E662300FDB22D /* NoLocationView.swift in Sources */,
				AA84DF561CD5D37700B635D1 /* MessageListView.swift in Sources */,
				AA17CBAC1CF1A91B002C2C19 /* User.swift in Sources */,
				AA84DF4E1CD5D0A500B635D1 /* MessageListViewController.swift in Sources */,
				AA9B5A7A1D30E35600344939 /* MessageRoomManager.swift in Sources */,
				AA0E942F1CEF0BC100C6E7BE /* UIImageView+Extension.swift in Sources */,
				AA84DF541CD5D36300B635D1 /* MessageListViewModel.swift in Sources */,
				AA84DF6F1CD5EB5400B635D1 /* ProfileView.swift in Sources */,
				AA6809951D1A839500435279 /* NSDate+Extension.swift in Sources */,
				AA84DF521CD5D0C700B635D1 /* MainTimeLineViewController.swift in Sources */,
				AA0E94271CEED7D400C6E7BE /* GeneralViewController.swift in Sources */,
				AA15E7841CE2083500E998F4 /* MessageViewController.swift in Sources */,
				AA15E78D1CE20C1600E998F4 /* UIView+Extension.swift in Sources */,
				AA6809991D1E412700435279 /* ProfileEditView.swift in Sources */,
				AA68099F1D1E5E1100435279 /* ProfileEditViewModel.swift in Sources */,
				AA15E7861CE2085000E998F4 /* MessageViewModel.swift in Sources */,
				AA9B5A781D2FFB0D00344939 /* MessageRoom.swift in Sources */,
				AAED41CD1D0A54C7001B2AB5 /* FBLoginViewModel.swift in Sources */,
				AA0E94291CEEE7A300C6E7BE /* GeneralViewModel.swift in Sources */,
				AA0E942B1CEEF85200C6E7BE /* UIViewController+Extension.swift in Sources */,
				AA016EBA1D1E66A000DCEF83 /* ProfileEditingViewController.swift in Sources */,
				AA84DF5A1CD5D3DB00B635D1 /* MainTimeLineView.swift in Sources */,
				AA17CB9F1CF06AA5002C2C19 /* UIColor+Extension.swift in Sources */,
				AA15E7821CE2080A00E998F4 /* LGSimpleChat.swift in Sources */,
				AAFE06251D34A216007CA796 /* ProgressingView.swift in Sources */,
				AA84DF501CD5D0B700B635D1 /* ProfileViewController.swift in Sources */,
				AAD519781CE21095009D1E1D /* SwiftExampleViewController.swift in Sources */,
				AA84DF6D1CD5EB4600B635D1 /* ProfileViewModel.swift in Sources */,
				AA84DF581CD5D3CB00B635D1 /* MainTimeLineViewModel.swift in Sources */,
				AA17CBA21CF06C76002C2C19 /* NearNavigationView.swift in Sources */,
				AA84DF611CD5D5DE00B635D1 /* MainTimeLineViewTableViewCell.swift in Sources */,
				AAD9716D1CCF67E00089DEFF /* AppDelegate.swift in Sources */,
			);
			runOnlyForDeploymentPostprocessing = 0;
		};
/* End PBXSourcesBuildPhase section */

/* Begin PBXVariantGroup section */
		AAD971701CCF67E00089DEFF /* Main.storyboard */ = {
			isa = PBXVariantGroup;
			children = (
				AAD971711CCF67E00089DEFF /* Base */,
			);
			name = Main.storyboard;
			sourceTree = "<group>";
		};
		AAD971781CCF67E00089DEFF /* LaunchScreen.storyboard */ = {
			isa = PBXVariantGroup;
			children = (
				AAD971791CCF67E00089DEFF /* Base */,
			);
			name = LaunchScreen.storyboard;
			sourceTree = "<group>";
		};
/* End PBXVariantGroup section */

/* Begin XCBuildConfiguration section */
		AAD9717C1CCF67E00089DEFF /* Debug */ = {
			isa = XCBuildConfiguration;
			buildSettings = {
				ALWAYS_SEARCH_USER_PATHS = NO;
				CLANG_ANALYZER_NONNULL = YES;
				CLANG_CXX_LANGUAGE_STANDARD = "gnu++0x";
				CLANG_CXX_LIBRARY = "libc++";
				CLANG_ENABLE_MODULES = YES;
				CLANG_ENABLE_OBJC_ARC = YES;
				CLANG_WARN_BOOL_CONVERSION = YES;
				CLANG_WARN_CONSTANT_CONVERSION = YES;
				CLANG_WARN_DIRECT_OBJC_ISA_USAGE = YES_ERROR;
				CLANG_WARN_EMPTY_BODY = YES;
				CLANG_WARN_ENUM_CONVERSION = YES;
				CLANG_WARN_INT_CONVERSION = YES;
				CLANG_WARN_OBJC_ROOT_CLASS = YES_ERROR;
				CLANG_WARN_UNREACHABLE_CODE = YES;
				CLANG_WARN__DUPLICATE_METHOD_MATCH = YES;
				"CODE_SIGN_IDENTITY[sdk=iphoneos*]" = "iPhone Developer";
				COPY_PHASE_STRIP = NO;
				DEBUG_INFORMATION_FORMAT = dwarf;
				ENABLE_STRICT_OBJC_MSGSEND = YES;
				ENABLE_TESTABILITY = YES;
				GCC_C_LANGUAGE_STANDARD = gnu99;
				GCC_DYNAMIC_NO_PIC = NO;
				GCC_NO_COMMON_BLOCKS = YES;
				GCC_OPTIMIZATION_LEVEL = 0;
				GCC_PREPROCESSOR_DEFINITIONS = (
					"DEBUG=1",
					"$(inherited)",
				);
				GCC_WARN_64_TO_32_BIT_CONVERSION = YES;
				GCC_WARN_ABOUT_RETURN_TYPE = YES_ERROR;
				GCC_WARN_UNDECLARED_SELECTOR = YES;
				GCC_WARN_UNINITIALIZED_AUTOS = YES_AGGRESSIVE;
				GCC_WARN_UNUSED_FUNCTION = YES;
				GCC_WARN_UNUSED_VARIABLE = YES;
				IPHONEOS_DEPLOYMENT_TARGET = 9.3;
				MTL_ENABLE_DEBUG_INFO = YES;
				ONLY_ACTIVE_ARCH = YES;
				SDKROOT = iphoneos;
				SWIFT_OPTIMIZATION_LEVEL = "-Onone";
			};
			name = Debug;
		};
		AAD9717D1CCF67E00089DEFF /* Release */ = {
			isa = XCBuildConfiguration;
			buildSettings = {
				ALWAYS_SEARCH_USER_PATHS = NO;
				CLANG_ANALYZER_NONNULL = YES;
				CLANG_CXX_LANGUAGE_STANDARD = "gnu++0x";
				CLANG_CXX_LIBRARY = "libc++";
				CLANG_ENABLE_MODULES = YES;
				CLANG_ENABLE_OBJC_ARC = YES;
				CLANG_WARN_BOOL_CONVERSION = YES;
				CLANG_WARN_CONSTANT_CONVERSION = YES;
				CLANG_WARN_DIRECT_OBJC_ISA_USAGE = YES_ERROR;
				CLANG_WARN_EMPTY_BODY = YES;
				CLANG_WARN_ENUM_CONVERSION = YES;
				CLANG_WARN_INT_CONVERSION = YES;
				CLANG_WARN_OBJC_ROOT_CLASS = YES_ERROR;
				CLANG_WARN_UNREACHABLE_CODE = YES;
				CLANG_WARN__DUPLICATE_METHOD_MATCH = YES;
				"CODE_SIGN_IDENTITY[sdk=iphoneos*]" = "iPhone Developer";
				COPY_PHASE_STRIP = NO;
				DEBUG_INFORMATION_FORMAT = "dwarf-with-dsym";
				ENABLE_NS_ASSERTIONS = NO;
				ENABLE_STRICT_OBJC_MSGSEND = YES;
				GCC_C_LANGUAGE_STANDARD = gnu99;
				GCC_NO_COMMON_BLOCKS = YES;
				GCC_WARN_64_TO_32_BIT_CONVERSION = YES;
				GCC_WARN_ABOUT_RETURN_TYPE = YES_ERROR;
				GCC_WARN_UNDECLARED_SELECTOR = YES;
				GCC_WARN_UNINITIALIZED_AUTOS = YES_AGGRESSIVE;
				GCC_WARN_UNUSED_FUNCTION = YES;
				GCC_WARN_UNUSED_VARIABLE = YES;
				IPHONEOS_DEPLOYMENT_TARGET = 9.3;
				MTL_ENABLE_DEBUG_INFO = NO;
				SDKROOT = iphoneos;
				VALIDATE_PRODUCT = YES;
			};
			name = Release;
		};
		AAD9717F1CCF67E00089DEFF /* Debug */ = {
			isa = XCBuildConfiguration;
			baseConfigurationReference = A9284387568F735E6972C5C3 /* Pods-Near.debug.xcconfig */;
			buildSettings = {
				API_HOST = "";
				"API_HOST[arch=*]" = "localhost:3000";
				ASSETCATALOG_COMPILER_APPICON_NAME = AppIcon;
				CODE_SIGN_IDENTITY = "iPhone Developer";
				FRAMEWORK_SEARCH_PATHS = (
					"$(inherited)",
					"$(PROJECT_DIR)",
				);
				INFOPLIST_FILE = Near/Info.plist;
				IPHONEOS_DEPLOYMENT_TARGET = 9.0;
				LD_RUNPATH_SEARCH_PATHS = "$(inherited) @executable_path/Frameworks";
				PRODUCT_BUNDLE_IDENTIFIER = com.Near.Nearinc;
				PRODUCT_NAME = "$(TARGET_NAME)";
			};
			name = Debug;
		};
		AAD971801CCF67E00089DEFF /* Release */ = {
			isa = XCBuildConfiguration;
			baseConfigurationReference = 3DFE3EE98F8BF756CC3685C9 /* Pods-Near.release.xcconfig */;
			buildSettings = {
				API_HOST = "";
				ASSETCATALOG_COMPILER_APPICON_NAME = AppIcon;
				CODE_SIGN_IDENTITY = "iPhone Developer";
				FRAMEWORK_SEARCH_PATHS = (
					"$(inherited)",
					"$(PROJECT_DIR)",
				);
				INFOPLIST_FILE = Near/Info.plist;
				IPHONEOS_DEPLOYMENT_TARGET = 9.0;
				LD_RUNPATH_SEARCH_PATHS = "$(inherited) @executable_path/Frameworks";
				PRODUCT_BUNDLE_IDENTIFIER = com.Near.Nearinc;
				PRODUCT_NAME = "$(TARGET_NAME)";
			};
			name = Release;
		};
/* End XCBuildConfiguration section */

/* Begin XCConfigurationList section */
		AAD971641CCF67E00089DEFF /* Build configuration list for PBXProject "Near" */ = {
			isa = XCConfigurationList;
			buildConfigurations = (
				AAD9717C1CCF67E00089DEFF /* Debug */,
				AAD9717D1CCF67E00089DEFF /* Release */,
			);
			defaultConfigurationIsVisible = 0;
			defaultConfigurationName = Release;
		};
		AAD9717E1CCF67E00089DEFF /* Build configuration list for PBXNativeTarget "Near" */ = {
			isa = XCConfigurationList;
			buildConfigurations = (
				AAD9717F1CCF67E00089DEFF /* Debug */,
				AAD971801CCF67E00089DEFF /* Release */,
			);
			defaultConfigurationIsVisible = 0;
			defaultConfigurationName = Release;
		};
/* End XCConfigurationList section */

/* Begin XCVersionGroup section */
		AAD971731CCF67E00089DEFF /* Near.xcdatamodeld */ = {
			isa = XCVersionGroup;
			children = (
				AAD971741CCF67E00089DEFF /* Near.xcdatamodel */,
			);
			currentVersion = AAD971741CCF67E00089DEFF /* Near.xcdatamodel */;
			path = Near.xcdatamodeld;
			sourceTree = "<group>";
			versionGroupType = wrapper.xcdatamodel;
		};
/* End XCVersionGroup section */
	};
	rootObject = AAD971611CCF67E00089DEFF /* Project object */;
}
